{
  "name": "appify-core",
  "version": "0.0.0",
  "lockfileVersion": 1,
  "requires": true,
  "dependencies": {
    "@bit/lodash.lodash.eq": {
      "version": "4.17.11",
      "resolved": "https://node.bit.dev/lodash.lodash.eq/-/lodash.lodash.eq-4.17.11.tgz",
      "integrity": "sha1-H8WiQUaKzy+6ME3PdIH/Zc/XhUE="
    },
    "@bit/lodash.lodash.get": {
      "version": "4.17.11",
      "resolved": "https://node.bit.dev/lodash.lodash.get/-/lodash.lodash.get-4.17.11.tgz",
      "integrity": "sha1-tsn7wo8EiDAE/9JSs/DFs3lsIGo=",
      "requires": {
        "@bit/lodash.lodash.internal._base-get": "4.17.11"
      }
    },
    "@bit/lodash.lodash.internal._array-map": {
      "version": "4.17.11",
      "resolved": "https://node.bit.dev/lodash.lodash.internal._array-map/-/lodash.lodash.internal._array-map-4.17.11.tgz",
      "integrity": "sha1-ydyQ+LdZKDenwkVPkzyFBJG+hds="
    },
    "@bit/lodash.lodash.internal._assoc-index-of": {
      "version": "4.17.11",
      "resolved": "https://node.bit.dev/lodash.lodash.internal._assoc-index-of/-/lodash.lodash.internal._assoc-index-of-4.17.11.tgz",
      "integrity": "sha1-NpZ+v0XCNx3zsLNLWJRji/Fsaog=",
      "requires": {
        "@bit/lodash.lodash.eq": "4.17.11"
      }
    },
    "@bit/lodash.lodash.internal._base-get": {
      "version": "4.17.11",
      "resolved": "https://node.bit.dev/lodash.lodash.internal._base-get/-/lodash.lodash.internal._base-get-4.17.11.tgz",
      "integrity": "sha1-NE2LVS0NSyxLLpeojlpmQfNWHm4=",
      "requires": {
        "@bit/lodash.lodash.internal._cast-path": "4.17.11",
        "@bit/lodash.lodash.internal._to-key": "4.17.11"
      }
    },
    "@bit/lodash.lodash.internal._base-get-tag": {
      "version": "4.17.11",
      "resolved": "https://node.bit.dev/lodash.lodash.internal._base-get-tag/-/lodash.lodash.internal._base-get-tag-4.17.11.tgz",
      "integrity": "sha1-syXeBOCilQhd6UqyP/TJ2z9tl4k=",
      "requires": {
        "@bit/lodash.lodash.internal._get-raw-tag": "4.17.11",
        "@bit/lodash.lodash.internal._object-to-string": "4.17.11",
        "@bit/lodash.lodash.internal._symbol": "4.17.11"
      }
    },
    "@bit/lodash.lodash.internal._base-is-native": {
      "version": "4.17.11",
      "resolved": "https://node.bit.dev/lodash.lodash.internal._base-is-native/-/lodash.lodash.internal._base-is-native-4.17.11.tgz",
      "integrity": "sha1-jsJSrwhpmlasSvR7mHtcFX231EQ=",
      "requires": {
        "@bit/lodash.lodash.internal._is-masked": "4.17.11",
        "@bit/lodash.lodash.internal._to-source": "4.17.11",
        "@bit/lodash.lodash.is-function": "4.17.11",
        "@bit/lodash.lodash.is-object": "4.17.11"
      }
    },
    "@bit/lodash.lodash.internal._base-to-string": {
      "version": "4.17.11",
      "resolved": "https://node.bit.dev/lodash.lodash.internal._base-to-string/-/lodash.lodash.internal._base-to-string-4.17.11.tgz",
      "integrity": "sha1-BS3FcJBhKl1oTEOJZLsYLIua8l8=",
      "requires": {
        "@bit/lodash.lodash.internal._array-map": "4.17.11",
        "@bit/lodash.lodash.internal._symbol": "4.17.11",
        "@bit/lodash.lodash.is-array": "4.17.11",
        "@bit/lodash.lodash.is-symbol": "4.17.11"
      }
    },
    "@bit/lodash.lodash.internal._cast-path": {
      "version": "4.17.11",
      "resolved": "https://node.bit.dev/lodash.lodash.internal._cast-path/-/lodash.lodash.internal._cast-path-4.17.11.tgz",
      "integrity": "sha1-066u06tCoZDeay6+62ShXHP/elk=",
      "requires": {
        "@bit/lodash.lodash.internal._is-key": "4.17.11",
        "@bit/lodash.lodash.internal._string-to-path": "4.17.11",
        "@bit/lodash.lodash.is-array": "4.17.11",
        "@bit/lodash.lodash.to-string": "4.17.11"
      }
    },
    "@bit/lodash.lodash.internal._core-js-data": {
      "version": "4.17.11",
      "resolved": "https://node.bit.dev/lodash.lodash.internal._core-js-data/-/lodash.lodash.internal._core-js-data-4.17.11.tgz",
      "integrity": "sha1-9LwYb4/72QkwvyFAxT1F607sDAg=",
      "requires": {
        "@bit/lodash.lodash.internal._root": "4.17.11"
      }
    },
    "@bit/lodash.lodash.internal._free-global": {
      "version": "4.17.11",
      "resolved": "https://node.bit.dev/lodash.lodash.internal._free-global/-/lodash.lodash.internal._free-global-4.17.11.tgz",
      "integrity": "sha1-qZ1Sjz7AYK8QdViuEdYfWoEyKAE="
    },
    "@bit/lodash.lodash.internal._get-map-data": {
      "version": "4.17.11",
      "resolved": "https://node.bit.dev/lodash.lodash.internal._get-map-data/-/lodash.lodash.internal._get-map-data-4.17.11.tgz",
      "integrity": "sha1-mZJTwZr0Vlvdr720p7KN75cfUZQ=",
      "requires": {
        "@bit/lodash.lodash.internal._is-keyable": "4.17.11"
      }
    },
    "@bit/lodash.lodash.internal._get-native": {
      "version": "4.17.11",
      "resolved": "https://node.bit.dev/lodash.lodash.internal._get-native/-/lodash.lodash.internal._get-native-4.17.11.tgz",
      "integrity": "sha1-7N+ud9sDGYoy5j4hWF5RHfkSPzA=",
      "requires": {
        "@bit/lodash.lodash.internal._base-is-native": "4.17.11",
        "@bit/lodash.lodash.internal._get-value": "4.17.11"
      }
    },
    "@bit/lodash.lodash.internal._get-raw-tag": {
      "version": "4.17.11",
      "resolved": "https://node.bit.dev/lodash.lodash.internal._get-raw-tag/-/lodash.lodash.internal._get-raw-tag-4.17.11.tgz",
      "integrity": "sha1-onf5Xb+ZE1aL15MEcfwUX9Sn8vM=",
      "requires": {
        "@bit/lodash.lodash.internal._symbol": "4.17.11"
      }
    },
    "@bit/lodash.lodash.internal._get-value": {
      "version": "4.17.11",
      "resolved": "https://node.bit.dev/lodash.lodash.internal._get-value/-/lodash.lodash.internal._get-value-4.17.11.tgz",
      "integrity": "sha1-CLn+kl9tOt0npL9Vjl4UHo8c1no="
    },
    "@bit/lodash.lodash.internal._hash": {
      "version": "4.17.11",
      "resolved": "https://node.bit.dev/lodash.lodash.internal._hash/-/lodash.lodash.internal._hash-4.17.11.tgz",
      "integrity": "sha1-aIDG5s4NbaruB9YjJ1tXFC5ccIM=",
      "requires": {
        "@bit/lodash.lodash.internal._hash-clear": "4.17.11",
        "@bit/lodash.lodash.internal._hash-delete": "4.17.11",
        "@bit/lodash.lodash.internal._hash-get": "4.17.11",
        "@bit/lodash.lodash.internal._hash-has": "4.17.11",
        "@bit/lodash.lodash.internal._hash-set": "4.17.11"
      }
    },
    "@bit/lodash.lodash.internal._hash-clear": {
      "version": "4.17.11",
      "resolved": "https://node.bit.dev/lodash.lodash.internal._hash-clear/-/lodash.lodash.internal._hash-clear-4.17.11.tgz",
      "integrity": "sha1-spQPpfjHS28AR1CJkZ018Ygz+F8=",
      "requires": {
        "@bit/lodash.lodash.internal._native-create": "4.17.11"
      }
    },
    "@bit/lodash.lodash.internal._hash-delete": {
      "version": "4.17.11",
      "resolved": "https://node.bit.dev/lodash.lodash.internal._hash-delete/-/lodash.lodash.internal._hash-delete-4.17.11.tgz",
      "integrity": "sha1-gd1zEMJqbbAhuMPpd7EHtywdi8I="
    },
    "@bit/lodash.lodash.internal._hash-get": {
      "version": "4.17.11",
      "resolved": "https://node.bit.dev/lodash.lodash.internal._hash-get/-/lodash.lodash.internal._hash-get-4.17.11.tgz",
      "integrity": "sha1-pu78vTIzsLmc2LJ072f97bCYQwc=",
      "requires": {
        "@bit/lodash.lodash.internal._native-create": "4.17.11"
      }
    },
    "@bit/lodash.lodash.internal._hash-has": {
      "version": "4.17.11",
      "resolved": "https://node.bit.dev/lodash.lodash.internal._hash-has/-/lodash.lodash.internal._hash-has-4.17.11.tgz",
      "integrity": "sha1-iV3cSekqVf1SWcrDUJkGn5dN3Vg=",
      "requires": {
        "@bit/lodash.lodash.internal._native-create": "4.17.11"
      }
    },
    "@bit/lodash.lodash.internal._hash-set": {
      "version": "4.17.11",
      "resolved": "https://node.bit.dev/lodash.lodash.internal._hash-set/-/lodash.lodash.internal._hash-set-4.17.11.tgz",
      "integrity": "sha1-H++AoSl76/m/Ly66lCjHnjWo2Xs=",
      "requires": {
        "@bit/lodash.lodash.internal._native-create": "4.17.11"
      }
    },
    "@bit/lodash.lodash.internal._is-key": {
      "version": "4.17.11",
      "resolved": "https://node.bit.dev/lodash.lodash.internal._is-key/-/lodash.lodash.internal._is-key-4.17.11.tgz",
      "integrity": "sha1-24+13p1LUj2UOGNCArNV1sNIX5M=",
      "requires": {
        "@bit/lodash.lodash.is-array": "4.17.11",
        "@bit/lodash.lodash.is-symbol": "4.17.11"
      }
    },
    "@bit/lodash.lodash.internal._is-keyable": {
      "version": "4.17.11",
      "resolved": "https://node.bit.dev/lodash.lodash.internal._is-keyable/-/lodash.lodash.internal._is-keyable-4.17.11.tgz",
      "integrity": "sha1-tEPNSn5PUVK4eWVXYum2JjwVCyY="
    },
    "@bit/lodash.lodash.internal._is-masked": {
      "version": "4.17.11",
      "resolved": "https://node.bit.dev/lodash.lodash.internal._is-masked/-/lodash.lodash.internal._is-masked-4.17.11.tgz",
      "integrity": "sha1-ErghmyPJuh9hGW9hFYA7hamf1wg=",
      "requires": {
        "@bit/lodash.lodash.internal._core-js-data": "4.17.11"
      }
    },
    "@bit/lodash.lodash.internal._list-cache": {
      "version": "4.17.11",
      "resolved": "https://node.bit.dev/lodash.lodash.internal._list-cache/-/lodash.lodash.internal._list-cache-4.17.11.tgz",
      "integrity": "sha1-z4mWWgD+CywRhbvelkJCAIcGr4Q=",
      "requires": {
        "@bit/lodash.lodash.internal._list-cache-clear": "4.17.11",
        "@bit/lodash.lodash.internal._list-cache-delete": "4.17.11",
        "@bit/lodash.lodash.internal._list-cache-get": "4.17.11",
        "@bit/lodash.lodash.internal._list-cache-has": "4.17.11",
        "@bit/lodash.lodash.internal._list-cache-set": "4.17.11"
      }
    },
    "@bit/lodash.lodash.internal._list-cache-clear": {
      "version": "4.17.11",
      "resolved": "https://node.bit.dev/lodash.lodash.internal._list-cache-clear/-/lodash.lodash.internal._list-cache-clear-4.17.11.tgz",
      "integrity": "sha1-XBaBUyHoYnFFt4Uw1D3qx7eCFzA="
    },
    "@bit/lodash.lodash.internal._list-cache-delete": {
      "version": "4.17.11",
      "resolved": "https://node.bit.dev/lodash.lodash.internal._list-cache-delete/-/lodash.lodash.internal._list-cache-delete-4.17.11.tgz",
      "integrity": "sha1-1oLp3MyTzqzIIIebM60me06XrZo=",
      "requires": {
        "@bit/lodash.lodash.internal._assoc-index-of": "4.17.11"
      }
    },
    "@bit/lodash.lodash.internal._list-cache-get": {
      "version": "4.17.11",
      "resolved": "https://node.bit.dev/lodash.lodash.internal._list-cache-get/-/lodash.lodash.internal._list-cache-get-4.17.11.tgz",
      "integrity": "sha1-YbMyoIiIEmmUcB+UTtNAm04L2KY=",
      "requires": {
        "@bit/lodash.lodash.internal._assoc-index-of": "4.17.11"
      }
    },
    "@bit/lodash.lodash.internal._list-cache-has": {
      "version": "4.17.11",
      "resolved": "https://node.bit.dev/lodash.lodash.internal._list-cache-has/-/lodash.lodash.internal._list-cache-has-4.17.11.tgz",
      "integrity": "sha1-3TiAP+SImBmIrkCCNNN49RY7J+Q=",
      "requires": {
        "@bit/lodash.lodash.internal._assoc-index-of": "4.17.11"
      }
    },
    "@bit/lodash.lodash.internal._list-cache-set": {
      "version": "4.17.11",
      "resolved": "https://node.bit.dev/lodash.lodash.internal._list-cache-set/-/lodash.lodash.internal._list-cache-set-4.17.11.tgz",
      "integrity": "sha1-M1HdKWhD0ntJYID2VRu7/ZG1qmI=",
      "requires": {
        "@bit/lodash.lodash.internal._assoc-index-of": "4.17.11"
      }
    },
    "@bit/lodash.lodash.internal._map": {
      "version": "4.17.11",
      "resolved": "https://node.bit.dev/lodash.lodash.internal._map/-/lodash.lodash.internal._map-4.17.11.tgz",
      "integrity": "sha1-YieAMoye4TGKSaWS73HkwveDJeg=",
      "requires": {
        "@bit/lodash.lodash.internal._get-native": "4.17.11",
        "@bit/lodash.lodash.internal._root": "4.17.11"
      }
    },
    "@bit/lodash.lodash.internal._map-cache": {
      "version": "4.17.11",
      "resolved": "https://node.bit.dev/lodash.lodash.internal._map-cache/-/lodash.lodash.internal._map-cache-4.17.11.tgz",
      "integrity": "sha1-8rcRctwtg4zbref4oqAoCO6IdPA=",
      "requires": {
        "@bit/lodash.lodash.internal._map-cache-clear": "4.17.11",
        "@bit/lodash.lodash.internal._map-cache-delete": "4.17.11",
        "@bit/lodash.lodash.internal._map-cache-get": "4.17.11",
        "@bit/lodash.lodash.internal._map-cache-has": "4.17.11",
        "@bit/lodash.lodash.internal._map-cache-set": "4.17.11"
      }
    },
    "@bit/lodash.lodash.internal._map-cache-clear": {
      "version": "4.17.11",
      "resolved": "https://node.bit.dev/lodash.lodash.internal._map-cache-clear/-/lodash.lodash.internal._map-cache-clear-4.17.11.tgz",
      "integrity": "sha1-/wKenfRKFebkvkj478ntdXFd8cU=",
      "requires": {
        "@bit/lodash.lodash.internal._hash": "4.17.11",
        "@bit/lodash.lodash.internal._list-cache": "4.17.11",
        "@bit/lodash.lodash.internal._map": "4.17.11"
      }
    },
    "@bit/lodash.lodash.internal._map-cache-delete": {
      "version": "4.17.11",
      "resolved": "https://node.bit.dev/lodash.lodash.internal._map-cache-delete/-/lodash.lodash.internal._map-cache-delete-4.17.11.tgz",
      "integrity": "sha1-ajKttfWziyQd6t84dQY3tctEBq0=",
      "requires": {
        "@bit/lodash.lodash.internal._get-map-data": "4.17.11"
      }
    },
    "@bit/lodash.lodash.internal._map-cache-get": {
      "version": "4.17.11",
      "resolved": "https://node.bit.dev/lodash.lodash.internal._map-cache-get/-/lodash.lodash.internal._map-cache-get-4.17.11.tgz",
      "integrity": "sha1-xiybCEDCMI1+M4d9mdSNmoymN4w=",
      "requires": {
        "@bit/lodash.lodash.internal._get-map-data": "4.17.11"
      }
    },
    "@bit/lodash.lodash.internal._map-cache-has": {
      "version": "4.17.11",
      "resolved": "https://node.bit.dev/lodash.lodash.internal._map-cache-has/-/lodash.lodash.internal._map-cache-has-4.17.11.tgz",
      "integrity": "sha1-7G0/RvyUwSbUcavkofRO1P+GOJg=",
      "requires": {
        "@bit/lodash.lodash.internal._get-map-data": "4.17.11"
      }
    },
    "@bit/lodash.lodash.internal._map-cache-set": {
      "version": "4.17.11",
      "resolved": "https://node.bit.dev/lodash.lodash.internal._map-cache-set/-/lodash.lodash.internal._map-cache-set-4.17.11.tgz",
      "integrity": "sha1-Ui/uAUGlbdOHOloPh4RRPOCaTtg=",
      "requires": {
        "@bit/lodash.lodash.internal._get-map-data": "4.17.11"
      }
    },
    "@bit/lodash.lodash.internal._memoize-capped": {
      "version": "4.17.11",
      "resolved": "https://node.bit.dev/lodash.lodash.internal._memoize-capped/-/lodash.lodash.internal._memoize-capped-4.17.11.tgz",
      "integrity": "sha1-u+hXwWtoY0hCHGGzXc5tkpFpEus=",
      "requires": {
        "@bit/lodash.lodash.memoize": "4.17.11"
      }
    },
    "@bit/lodash.lodash.internal._native-create": {
      "version": "4.17.11",
      "resolved": "https://node.bit.dev/lodash.lodash.internal._native-create/-/lodash.lodash.internal._native-create-4.17.11.tgz",
      "integrity": "sha1-OIV5/G2uDLIfa4t5AAq1+RJvA3w=",
      "requires": {
        "@bit/lodash.lodash.internal._get-native": "4.17.11"
      }
    },
    "@bit/lodash.lodash.internal._object-to-string": {
      "version": "4.17.11",
      "resolved": "https://node.bit.dev/lodash.lodash.internal._object-to-string/-/lodash.lodash.internal._object-to-string-4.17.11.tgz",
      "integrity": "sha1-3vtDt+Z/mTFuUD//HSid7S7eCAU="
    },
    "@bit/lodash.lodash.internal._root": {
      "version": "4.17.11",
      "resolved": "https://node.bit.dev/lodash.lodash.internal._root/-/lodash.lodash.internal._root-4.17.11.tgz",
      "integrity": "sha1-2hKq0bT8Y59B/1rlRh18av8265Q=",
      "requires": {
        "@bit/lodash.lodash.internal._free-global": "4.17.11"
      }
    },
    "@bit/lodash.lodash.internal._string-to-path": {
      "version": "4.17.11",
      "resolved": "https://node.bit.dev/lodash.lodash.internal._string-to-path/-/lodash.lodash.internal._string-to-path-4.17.11.tgz",
      "integrity": "sha1-1TQyaWsS1Q5v2zaK4FwfNWgBghs=",
      "requires": {
        "@bit/lodash.lodash.internal._memoize-capped": "4.17.11"
      }
    },
    "@bit/lodash.lodash.internal._symbol": {
      "version": "4.17.11",
      "resolved": "https://node.bit.dev/lodash.lodash.internal._symbol/-/lodash.lodash.internal._symbol-4.17.11.tgz",
      "integrity": "sha1-uOl23jilTf/bVC4gmQ0/ziaZn1c=",
      "requires": {
        "@bit/lodash.lodash.internal._root": "4.17.11"
      }
    },
    "@bit/lodash.lodash.internal._to-key": {
      "version": "4.17.11",
      "resolved": "https://node.bit.dev/lodash.lodash.internal._to-key/-/lodash.lodash.internal._to-key-4.17.11.tgz",
      "integrity": "sha1-eHsCApVC/ZOMFiMb9YhZWJxoZAE=",
      "requires": {
        "@bit/lodash.lodash.is-symbol": "4.17.11"
      }
    },
    "@bit/lodash.lodash.internal._to-source": {
      "version": "4.17.11",
      "resolved": "https://node.bit.dev/lodash.lodash.internal._to-source/-/lodash.lodash.internal._to-source-4.17.11.tgz",
      "integrity": "sha1-UHn3AdDbz+hXyCsELZV9IEaamig="
    },
    "@bit/lodash.lodash.is-array": {
      "version": "4.17.11",
      "resolved": "https://node.bit.dev/lodash.lodash.is-array/-/lodash.lodash.is-array-4.17.11.tgz",
      "integrity": "sha1-UqhDfy12gSumrBxVsBsEttznZKk="
    },
    "@bit/lodash.lodash.is-function": {
      "version": "4.17.11",
      "resolved": "https://node.bit.dev/lodash.lodash.is-function/-/lodash.lodash.is-function-4.17.11.tgz",
      "integrity": "sha1-IPpvj6Dn4Edo0fhxlhbtLIqopLg=",
      "requires": {
        "@bit/lodash.lodash.internal._base-get-tag": "4.17.11",
        "@bit/lodash.lodash.is-object": "4.17.11"
      }
    },
    "@bit/lodash.lodash.is-object": {
      "version": "4.17.11",
      "resolved": "https://node.bit.dev/lodash.lodash.is-object/-/lodash.lodash.is-object-4.17.11.tgz",
      "integrity": "sha1-x4NT9Kau+WON4L6Q51STcjsTiuQ="
    },
    "@bit/lodash.lodash.is-object-like": {
      "version": "4.17.11",
      "resolved": "https://node.bit.dev/lodash.lodash.is-object-like/-/lodash.lodash.is-object-like-4.17.11.tgz",
      "integrity": "sha1-WvypSIP5La5OT+p6/Dj7+AnOdoU="
    },
    "@bit/lodash.lodash.is-symbol": {
      "version": "4.17.11",
      "resolved": "https://node.bit.dev/lodash.lodash.is-symbol/-/lodash.lodash.is-symbol-4.17.11.tgz",
      "integrity": "sha1-dNCTw4ihXyc2s9VIVGYER8NTQn8=",
      "requires": {
        "@bit/lodash.lodash.internal._base-get-tag": "4.17.11",
        "@bit/lodash.lodash.is-object-like": "4.17.11"
      }
    },
    "@bit/lodash.lodash.memoize": {
      "version": "4.17.11",
      "resolved": "https://node.bit.dev/lodash.lodash.memoize/-/lodash.lodash.memoize-4.17.11.tgz",
      "integrity": "sha1-WDAX02sueKr6dtWPUSxEnu5LDj8=",
      "requires": {
        "@bit/lodash.lodash.internal._map-cache": "4.17.11"
      }
    },
    "@bit/lodash.lodash.to-string": {
      "version": "4.17.11",
      "resolved": "https://node.bit.dev/lodash.lodash.to-string/-/lodash.lodash.to-string-4.17.11.tgz",
      "integrity": "sha1-dRyiczelOAA3u99VU+Ru6HYMdgE=",
      "requires": {
        "@bit/lodash.lodash.internal._base-to-string": "4.17.11"
      }
    },
    "rxjs": {
      "version": "6.5.2",
      "resolved": "https://registry.npmjs.org/rxjs/-/rxjs-6.5.2.tgz",
      "integrity": "sha512-HUb7j3kvb7p7eCUHE3FqjoDsC1xfZQ4AHFWfTKSpZ+sAhhz5X1WX0ZuUqWbzB2QhSLp3DoLUG+hMdEDKqWo2Zg==",
      "dev": true,
      "requires": {
        "tslib": "^1.9.0"
      }
    },
    "tslib": {
      "version": "1.9.3",
      "resolved": "https://registry.npmjs.org/tslib/-/tslib-1.9.3.tgz",
      "integrity": "sha512-4krF8scpejhaOgqzBEcGM7yDIEfi0/8+8zDRZhNZZ2kjmHJ4hv3zCbQWxoJGz1iw5U0Jl0nma13xzHXcncMavQ==",
      "dev": true
    }
  }
}
