{
  "name": "appify-core",
  "version": "0.0.0",
  "lockfileVersion": 1,
  "requires": true,
  "dependencies": {
    "@bit/appify.core.constants.logic-ops": {
      "version": "0.0.1",
      "resolved": "https://node.bit.dev/appify.core.constants.logic-ops/-/appify.core.constants.logic-ops-0.0.1.tgz",
      "integrity": "sha1-aH/1VVE/zjLDYCUllm/kLxhTyMQ="
    },
    "@bit/appify.core.constants.logic-props": {
      "version": "0.0.10",
      "resolved": "https://node.bit.dev/appify.core.constants.logic-props/-/appify.core.constants.logic-props-0.0.10.tgz",
      "integrity": "sha1-qRLyYltBVrFixrZ8B/EfGeX4V94="
    },
    "@bit/appify.core.logic.utils.logic-factory": {
      "version": "0.0.1",
      "resolved": "https://node.bit.dev/appify.core.logic.utils.logic-factory/-/appify.core.logic.utils.logic-factory-0.0.1.tgz",
      "integrity": "sha1-WxBZDcy+jgRItSnpliTzIn1WkWc=",
      "requires": {
        "@bit/appify.core.constants.logic-props": "0.0.10"
      }
    },
    "@bit/appify.core.logic.utils.logic-id-from-name": {
      "version": "0.0.1",
      "resolved": "https://node.bit.dev/appify.core.logic.utils.logic-id-from-name/-/appify.core.logic.utils.logic-id-from-name-0.0.1.tgz",
      "integrity": "sha1-NKraa/xef+cAAVheiHxYItwxafQ=",
      "requires": {
        "@bit/appify.core.constants.logic-props": "0.0.10",
        "@bit/appify.core.utils.unique-id": "0.0.1"
      }
    },
    "@bit/appify.core.utils.is-observable": {
      "version": "0.0.1",
      "resolved": "https://node.bit.dev/appify.core.utils.is-observable/-/appify.core.utils.is-observable-0.0.1.tgz",
      "integrity": "sha1-Kmi+WlbNgGNxoReZUvxnd+hqSN8="
    },
    "@bit/appify.core.utils.is-observable-or-promise": {
      "version": "0.0.1",
      "resolved": "https://node.bit.dev/appify.core.utils.is-observable-or-promise/-/appify.core.utils.is-observable-or-promise-0.0.1.tgz",
      "integrity": "sha1-L8REQutgccb3nay6xfRPAkOsINI=",
      "requires": {
        "@bit/appify.core.utils.is-observable": "0.0.1",
        "@bit/appify.core.utils.is-promise": "0.0.1"
      }
    },
    "@bit/appify.core.utils.is-promise": {
      "version": "0.0.1",
      "resolved": "https://node.bit.dev/appify.core.utils.is-promise/-/appify.core.utils.is-promise-0.0.1.tgz",
      "integrity": "sha1-c0nZOk2/vyvCFF5lGr9ZWXMHiS8="
    },
    "@bit/appify.core.utils.unique-id": {
      "version": "0.0.1",
      "resolved": "https://node.bit.dev/appify.core.utils.unique-id/-/appify.core.utils.unique-id-0.0.1.tgz",
      "integrity": "sha1-m45+NGp93wnk3iNfboquxlRU6ng="
    },
    "@bit/appify.int-core.operators.inner-logic-manager": {
      "version": "0.0.2",
      "resolved": "https://node.bit.dev/appify.int-core.operators.inner-logic-manager/-/appify.int-core.operators.inner-logic-manager-0.0.2.tgz",
      "integrity": "sha1-xoTg0rRK+A7DWr8swts7Kj6qoR0=",
      "requires": {
        "@bit/appify.core.constants.logic-ops": "0.0.1",
        "@bit/appify.core.constants.logic-props": "0.0.10",
        "@bit/appify.int-core.operators.logic-subscriber": "0.0.2",
        "@bit/appify.int-core.operators.shared-logic-manager": "0.0.2"
      }
    },
    "@bit/appify.int-core.operators.logic-subscriber": {
      "version": "0.0.2",
      "resolved": "https://node.bit.dev/appify.int-core.operators.logic-subscriber/-/appify.int-core.operators.logic-subscriber-0.0.2.tgz",
      "integrity": "sha1-Q9ohUY87Izs/GuRUnf6SiWQ7yuA=",
      "requires": {
        "@bit/appify.core.constants.logic-props": "0.0.10",
        "@bit/appify.core.utils.is-observable-or-promise": "0.0.1"
      }
    },
    "@bit/appify.int-core.operators.outer-logic-manager": {
      "version": "0.0.4",
      "resolved": "https://node.bit.dev/appify.int-core.operators.outer-logic-manager/-/appify.int-core.operators.outer-logic-manager-0.0.4.tgz",
      "integrity": "sha1-AfeH9JOzErZiL9Ku5cYh8opt2ZY=",
      "requires": {
        "@bit/appify.core.constants.logic-props": "0.0.10",
        "@bit/appify.core.logic.utils.logic-factory": "0.0.1",
        "@bit/appify.core.logic.utils.logic-id-from-name": "0.0.1",
        "@bit/appify.int-core.operators.inner-logic-manager": "0.0.2",
        "@bit/appify.int-core.operators.shared-logic-manager": "0.0.2",
        "@bit/appify.int-core.operators.utils.parse-logic-ops": "0.0.1",
        "@bit/appify.int-core.operators.utils.sort-logic": "0.0.1",
        "@bit/lodash.lodash.is-array": "4.17.11"
      }
    },
    "@bit/appify.int-core.operators.shared-logic-manager": {
      "version": "0.0.2",
      "resolved": "https://node.bit.dev/appify.int-core.operators.shared-logic-manager/-/appify.int-core.operators.shared-logic-manager-0.0.2.tgz",
      "integrity": "sha1-73WYLsf6L3R/Sk81edy6qciFTAw=",
      "requires": {
        "@bit/appify.core.constants.logic-ops": "0.0.1",
        "@bit/appify.core.constants.logic-props": "0.0.10",
        "@bit/appify.core.logic.utils.logic-id-from-name": "0.0.1"
      }
    },
    "@bit/appify.int-core.operators.utils.parse-logic-ops": {
      "version": "0.0.1",
      "resolved": "https://node.bit.dev/appify.int-core.operators.utils.parse-logic-ops/-/appify.int-core.operators.utils.parse-logic-ops-0.0.1.tgz",
      "integrity": "sha1-wReeZhMCd/haXX+qoNtJsSouwsY=",
      "requires": {
        "@bit/appify.core.constants.logic-ops": "0.0.1"
      }
    },
    "@bit/appify.int-core.operators.utils.sort-logic": {
      "version": "0.0.1",
      "resolved": "https://node.bit.dev/appify.int-core.operators.utils.sort-logic/-/appify.int-core.operators.utils.sort-logic-0.0.1.tgz",
      "integrity": "sha1-qfu+qjRUtjZhLVnBdSeCl1YHLSM=",
      "requires": {
        "@bit/appify.core.constants.logic-props": "0.0.10"
      }
    },
    "@bit/lodash.lodash.is-array": {
      "version": "4.17.11",
      "resolved": "https://node.bit.dev/lodash.lodash.is-array/-/lodash.lodash.is-array-4.17.11.tgz",
      "integrity": "sha1-UqhDfy12gSumrBxVsBsEttznZKk="
    },
    "rxjs": {
      "version": "6.5.2",
      "resolved": "https://registry.npmjs.org/rxjs/-/rxjs-6.5.2.tgz",
      "integrity": "sha512-HUb7j3kvb7p7eCUHE3FqjoDsC1xfZQ4AHFWfTKSpZ+sAhhz5X1WX0ZuUqWbzB2QhSLp3DoLUG+hMdEDKqWo2Zg==",
      "requires": {
        "tslib": "^1.9.0"
      }
    },
    "tslib": {
      "version": "1.9.3",
      "resolved": "https://registry.npmjs.org/tslib/-/tslib-1.9.3.tgz",
      "integrity": "sha512-4krF8scpejhaOgqzBEcGM7yDIEfi0/8+8zDRZhNZZ2kjmHJ4hv3zCbQWxoJGz1iw5U0Jl0nma13xzHXcncMavQ=="
    }
  }
}
